
Microsoft Visual Studio Solution File, Format Version 12.00
# Visual Studio 15
VisualStudioVersion = 15.0.28307.1927
MinimumVisualStudioVersion = 10.0.40219.1
Project("{9A19103F-16F7-4668-BE54-9A1E7A4F7556}") = "SchoolLibrary", "SchoolLibrary\SchoolLibrary.csproj", "{B07B8810-84B5-4CCA-81D1-FFBFF75D3A29}"
EndProject
Project("{FAE04EC0-301F-11D3-BF4B-00C04F79EFBC}") = "SchoolFormsApp", "SchoolFormsApp\SchoolFormsApp.csproj", "{46E188C6-479C-4DE3-A20A-735898740850}"
EndProject
Global
	GlobalSection(SolutionConfigurationPlatforms) = preSolution
		Debug|Any CPU = Debug|Any CPU
		Release|Any CPU = Release|Any CPU
	EndGlobalSection
	GlobalSection(ProjectConfigurationPlatforms) = postSolution
		{B07B8810-84B5-4CCA-81D1-FFBFF75D3A29}.Debug|Any CPU.ActiveCfg = Debug|Any CPU
		{B07B8810-84B5-4CCA-81D1-FFBFF75D3A29}.Debug|Any CPU.Build.0 = Debug|Any CPU
		{B07B8810-84B5-4CCA-81D1-FFBFF75D3A29}.Release|Any CPU.ActiveCfg = Release|Any CPU
		{B07B8810-84B5-4CCA-81D1-FFBFF75D3A29}.Release|Any CPU.Build.0 = Release|Any CPU
		{46E188C6-479C-4DE3-A20A-735898740850}.Debug|Any CPU.ActiveCfg = Debug|Any CPU
		{46E188C6-479C-4DE3-A20A-735898740850}.Debug|Any CPU.Build.0 = Debug|Any CPU
		{46E188C6-479C-4DE3-A20A-735898740850}.Release|Any CPU.ActiveCfg = Release|Any CPU
		{46E188C6-479C-4DE3-A20A-735898740850}.Release|Any CPU.Build.0 = Release|Any CPU
	EndGlobalSection
	GlobalSection(SolutionProperties) = preSolution
		HideSolutionNode = FALSE
	EndGlobalSection
	GlobalSection(ExtensibilityGlobals) = postSolution
		SolutionGuid = {E2ED9468-A6D0-4C6A-B462-26C7C9BA174C}
	EndGlobalSection
EndGlobal
